{"productModuleName":"DevExercise1Tests","configHash":"13e93da946569ff796bdf0790820453580ae5d99","mockedTypeNames":["\/Users\/shumanarahman31gmail.com\/Desktop\/Swift\/DevExercise1\/DevExercise1Tests\/DevExercise1Tests.swift",[],"\/Users\/shumanarahman31gmail.com\/Desktop\/Swift\/DevExercise1\/DevExercise1Tests\/RepositoryTests.swift",[],"\/Users\/shumanarahman31gmail.com\/Desktop\/Swift\/DevExercise1\/DevExercise1Tests\/RemoteDataSourceTests.swift",["CountryCasesRemoteDataSource"]],"cliVersion":"0.14.0","sourceFilePaths":[{"path":"\/Users\/shumanarahman31gmail.com\/Desktop\/Swift\/DevExercise1\/DevExercise1Tests\/DevExercise1Tests.swift","hash":"3d529cbc61d22b533381e97fc00626b0ce5e396a"},{"path":"\/Users\/shumanarahman31gmail.com\/Desktop\/Swift\/DevExercise1\/DevExercise1Tests\/RemoteDataSourceTests.swift","hash":"e07f47debc05f972d1709a8c61f527d6294a228c"},{"path":"\/Users\/shumanarahman31gmail.com\/Desktop\/Swift\/DevExercise1\/DevExercise1Tests\/RepositoryTests.swift","hash":"0b13eb984e673651d3d0746f03f984697470773f"},{"path":"\/Users\/shumanarahman31gmail.com\/Desktop\/Swift\/DevExercise1\/MockingbirdMocks\/DevExercise1Tests-DevExercise1Mocks.generated.swift","hash":"bd4066575546bfb312a3d6bacb0bc5fa2b7195e0"}],"sourceRoot":"\/Users\/shumanarahman31gmail.com\/Desktop\/Swift\/DevExercise1","dependencies":[],"name":"DevExercise1Tests"}