{"cliVersion":"0.14.0","productModuleName":"DevExercise1","sourceFilePaths":[{"path":"\/Users\/shumanarahman31gmail.com\/Desktop\/Swift\/DevExercise1\/DevExercise1\/API\/DataSources\/CountryRemote.swift","hash":"111cfdce1de8fe59e90578b6e29b3f6153200ec1"},{"path":"\/Users\/shumanarahman31gmail.com\/Desktop\/Swift\/DevExercise1\/DevExercise1\/API\/DataSources\/MapRemote.swift","hash":"d669830d9da37ed7ec3ed1b2e42d83f2d421e047"},{"path":"\/Users\/shumanarahman31gmail.com\/Desktop\/Swift\/DevExercise1\/DevExercise1\/API\/DataSources\/UserLocal.swift","hash":"84c888febcd7c3e4612a5a14c943d4e2ab028bcf"},{"path":"\/Users\/shumanarahman31gmail.com\/Desktop\/Swift\/DevExercise1\/DevExercise1\/API\/DataSources\/UserRemote.swift","hash":"5c37e7bf2c1e5344eeeae4b76e1d0585d936bbad"},{"path":"\/Users\/shumanarahman31gmail.com\/Desktop\/Swift\/DevExercise1\/DevExercise1\/API\/Repository\/CountryRepository.swift","hash":"c9924be3436837af0bf5d3dbc27ff262db3ace43"},{"path":"\/Users\/shumanarahman31gmail.com\/Desktop\/Swift\/DevExercise1\/DevExercise1\/API\/Repository\/MapRepository.swift","hash":"7dc938131c88397fc209065164d0d85fb2030753"},{"path":"\/Users\/shumanarahman31gmail.com\/Desktop\/Swift\/DevExercise1\/DevExercise1\/API\/Repository\/UserRepository.swift","hash":"bf555472f5e5bca6f8f9399bc0c4638ab69677b3"},{"path":"\/Users\/shumanarahman31gmail.com\/Desktop\/Swift\/DevExercise1\/DevExercise1\/AppDelegate.swift","hash":"2fe2277fa96722038166189f019d84adfa5e405c"},{"path":"\/Users\/shumanarahman31gmail.com\/Desktop\/Swift\/DevExercise1\/DevExercise1\/Container\/AppDIContainer.swift","hash":"ea7a58bfd65b07bcc69a342b8f09750673544e63"},{"path":"\/Users\/shumanarahman31gmail.com\/Desktop\/Swift\/DevExercise1\/DevExercise1\/Container\/CountryDIContainer.swift","hash":"37320060825920bf3106f55346a2f4f776648ff2"},{"path":"\/Users\/shumanarahman31gmail.com\/Desktop\/Swift\/DevExercise1\/DevExercise1\/Container\/MapDIContainer.swift","hash":"0bd30a88dcc1cd6018515c710f25250faefa7344"},{"path":"\/Users\/shumanarahman31gmail.com\/Desktop\/Swift\/DevExercise1\/DevExercise1\/Container\/UserDIContainer.swift","hash":"88d9f15b7db525c513f80ecd8cfe3e6f30668452"},{"path":"\/Users\/shumanarahman31gmail.com\/Desktop\/Swift\/DevExercise1\/DevExercise1\/Controllers\/CountryController.swift","hash":"323c83b015353e00481088091be0e715ae011a56"},{"path":"\/Users\/shumanarahman31gmail.com\/Desktop\/Swift\/DevExercise1\/DevExercise1\/Controllers\/LoginViewController.swift","hash":"f992235bcf7adcecf1275eaefdf818d9f58777e6"},{"path":"\/Users\/shumanarahman31gmail.com\/Desktop\/Swift\/DevExercise1\/DevExercise1\/Controllers\/MainTabController.swift","hash":"ea9c4d78cdf587b3d23ddbf21d00e680d77ca4e6"},{"path":"\/Users\/shumanarahman31gmail.com\/Desktop\/Swift\/DevExercise1\/DevExercise1\/Controllers\/MapViewController.swift","hash":"131afcefd07be1d78aa47ef19450d3edc5901c70"},{"path":"\/Users\/shumanarahman31gmail.com\/Desktop\/Swift\/DevExercise1\/DevExercise1\/Controllers\/SignOutController.swift","hash":"d5159c69c780fdbd02d0cad01f374a4e9a7c0409"},{"path":"\/Users\/shumanarahman31gmail.com\/Desktop\/Swift\/DevExercise1\/DevExercise1\/Models\/Callout.swift","hash":"db9723a1e26dee502b689426c97c9a88624c1854"},{"path":"\/Users\/shumanarahman31gmail.com\/Desktop\/Swift\/DevExercise1\/DevExercise1\/Models\/Country.swift","hash":"59620832d90df94a56cdc917df931165f25769e9"},{"path":"\/Users\/shumanarahman31gmail.com\/Desktop\/Swift\/DevExercise1\/DevExercise1\/Moya\/CountryProvider.swift","hash":"6131a29616447c9ef7ca04c24193dbc37afbb190"},{"path":"\/Users\/shumanarahman31gmail.com\/Desktop\/Swift\/DevExercise1\/DevExercise1\/SceneDelegate.swift","hash":"5b8ddf282ace1aade304c896850781698cee05ca"},{"path":"\/Users\/shumanarahman31gmail.com\/Desktop\/Swift\/DevExercise1\/DevExercise1\/Storage\/SecureStorage\/SecureDataStorage.swift","hash":"2ce87c6274c478d65527c869ac0d9c45da3c8b25"},{"path":"\/Users\/shumanarahman31gmail.com\/Desktop\/Swift\/DevExercise1\/DevExercise1\/Storage\/SecureStorage\/SecureStore.swift","hash":"810c29d5b83d1f20d21afc8100a849e240a24d37"},{"path":"\/Users\/shumanarahman31gmail.com\/Desktop\/Swift\/DevExercise1\/DevExercise1\/Storage\/SecureStorage\/SecureStoreError.swift","hash":"9f1b5b07edde3cf87cf22f5dd2acd2570176941c"},{"path":"\/Users\/shumanarahman31gmail.com\/Desktop\/Swift\/DevExercise1\/DevExercise1\/Storage\/SecureStorage\/SecureStoreQueryable.swift","hash":"3b21dfe3c53ecadfbce050471e1a9a65ce1de811"},{"path":"\/Users\/shumanarahman31gmail.com\/Desktop\/Swift\/DevExercise1\/DevExercise1\/Storage\/StandardStorage.swift","hash":"64c83ff76188be741d94c8a8c5762eb147eca4a2"},{"path":"\/Users\/shumanarahman31gmail.com\/Desktop\/Swift\/DevExercise1\/DevExercise1\/Storage\/Storage.swift","hash":"f9938ee55c8fd6a7f8920a3d5ce0e7948d6b54de"},{"path":"\/Users\/shumanarahman31gmail.com\/Desktop\/Swift\/DevExercise1\/DevExercise1\/Utilities\/Errors\/CustomErrors.swift","hash":"2f5c8f0be3dc31d0937bcae33d1b779ee33e54f7"},{"path":"\/Users\/shumanarahman31gmail.com\/Desktop\/Swift\/DevExercise1\/DevExercise1\/Utilities\/Extensions.swift","hash":"1746507e32f1585b856231139c0db52ab679c97e"},{"path":"\/Users\/shumanarahman31gmail.com\/Desktop\/Swift\/DevExercise1\/DevExercise1\/Utilities\/Mappers\/CalloutMapper.swift","hash":"b0a295e71d0637241d17deadecf3a0a3459f15d4"},{"path":"\/Users\/shumanarahman31gmail.com\/Desktop\/Swift\/DevExercise1\/DevExercise1\/Utilities\/Mappers\/CountryMapper.swift","hash":"0716b1615ca97599a028c7fa23b0a4d8bb91f11a"},{"path":"\/Users\/shumanarahman31gmail.com\/Desktop\/Swift\/DevExercise1\/DevExercise1\/Utilities\/Reachability.swift","hash":"0064b664b21dd6acbf0b7b150724601ad31a8931"},{"path":"\/Users\/shumanarahman31gmail.com\/Desktop\/Swift\/DevExercise1\/DevExercise1\/ViewModels\/CountryCasesViewModel.swift","hash":"974a4833d2c53429d84001b3874627a29be315d0"},{"path":"\/Users\/shumanarahman31gmail.com\/Desktop\/Swift\/DevExercise1\/DevExercise1\/ViewModels\/CountryItemViewModel.swift","hash":"88285381441fc11b4263dfb79a3916cee6891c05"},{"path":"\/Users\/shumanarahman31gmail.com\/Desktop\/Swift\/DevExercise1\/DevExercise1\/ViewModels\/LoginViewModel.swift","hash":"4a6b705f8b1c29957d2c9886099875a8380d22aa"},{"path":"\/Users\/shumanarahman31gmail.com\/Desktop\/Swift\/DevExercise1\/DevExercise1\/ViewModels\/MapViewModel.swift","hash":"053053d7af8498d4d074dfcd518abba28a0e701f"},{"path":"\/Users\/shumanarahman31gmail.com\/Desktop\/Swift\/DevExercise1\/DevExercise1\/ViewModels\/SignOutViewModel.swift","hash":"3153b1a05664e56cd0e8abaf02991d0b42d71dc0"},{"path":"\/Users\/shumanarahman31gmail.com\/Desktop\/Swift\/DevExercise1\/DevExercise1\/Views\/CountryCell.swift","hash":"6695415759a5225b71fea830ecb48c44538cff67"}],"configHash":"13e93da946569ff796bdf0790820453580ae5d99","dependencyPathsHash":"da39a3ee5e6b4b0d3255bfef95601890afd80709","targetPathsHash":"60ddd937225df9ec242471268d63170820ec6cf8","mockedTypesHash":"46721867b0088851de321ba2defb8dd5c295e984","outputHash":"7a4711ea7fb6b7f8f87f81b0dd9327e61ea55148","dependencies":[],"sourceRoot":"\/Users\/shumanarahman31gmail.com\/Desktop\/Swift\/DevExercise1","supportingFilePaths":[],"name":"DevExercise1","projectHash":"ec480886a891815691a888856bf9ccc3cd1fb97e"}