{"productModuleName":"DevExercise1Tests","configHash":"13e93da946569ff796bdf0790820453580ae5d99","mockedTypeNames":["\/Users\/shumanarahman31gmail.com\/Desktop\/Swift\/DevExercise1\/DevExercise1Tests\/DevExercise1Tests.swift",[],"\/Users\/shumanarahman31gmail.com\/Desktop\/Swift\/DevExercise1\/DevExercise1Tests\/RemoteDataSourceTests.swift",["CountryCasesRemoteDataSource"],"\/Users\/shumanarahman31gmail.com\/Desktop\/Swift\/DevExercise1\/DevExercise1Tests\/RepositoryTests.swift",[]],"cliVersion":"0.14.0","sourceFilePaths":[{"path":"\/Users\/shumanarahman31gmail.com\/Desktop\/Swift\/DevExercise1\/DevExercise1Tests\/DevExercise1Tests.swift","hash":"0e845d32d67c9e8fc8dc59111a36ac7f0134beb0"},{"path":"\/Users\/shumanarahman31gmail.com\/Desktop\/Swift\/DevExercise1\/DevExercise1Tests\/RemoteDataSourceTests.swift","hash":"979e2640e4f078462b326fcc03954fb32c2cf9b5"},{"path":"\/Users\/shumanarahman31gmail.com\/Desktop\/Swift\/DevExercise1\/DevExercise1Tests\/RepositoryTests.swift","hash":"1305a3de47cc30f962e86903c9f2c875c5616afc"},{"path":"\/Users\/shumanarahman31gmail.com\/Desktop\/Swift\/DevExercise1\/MockingbirdMocks\/DevExercise1Tests-DevExercise1Mocks.generated.swift","hash":"06228dcfa17756ec364445afa02b4518fe1f46f7"}],"sourceRoot":"\/Users\/shumanarahman31gmail.com\/Desktop\/Swift\/DevExercise1","dependencies":[],"name":"DevExercise1Tests"}