{"cliVersion":"0.14.0","productModuleName":"DevExercise1","sourceFilePaths":[{"path":"\/Users\/shumanarahman31gmail.com\/Desktop\/Swift\/DevExercise1\/DevExercise1\/AppDelegate.swift","hash":"14b274f6321f53d5a1e698c8e60e2c747277e818"},{"path":"\/Users\/shumanarahman31gmail.com\/Desktop\/Swift\/DevExercise1\/DevExercise1\/Container\/AppDIContainer.swift","hash":"0444f55b7a235edab4f37a4f812b58068ff34fc0"},{"path":"\/Users\/shumanarahman31gmail.com\/Desktop\/Swift\/DevExercise1\/DevExercise1\/Container\/CountryDIContainer.swift","hash":"26bff34eb578752ba3bff56d2673914a120025b6"},{"path":"\/Users\/shumanarahman31gmail.com\/Desktop\/Swift\/DevExercise1\/DevExercise1\/Container\/MapDIContainer.swift","hash":"0bd30a88dcc1cd6018515c710f25250faefa7344"},{"path":"\/Users\/shumanarahman31gmail.com\/Desktop\/Swift\/DevExercise1\/DevExercise1\/Container\/UserDIContainer.swift","hash":"593bfa571d530c56134e11c01f759c975734889a"},{"path":"\/Users\/shumanarahman31gmail.com\/Desktop\/Swift\/DevExercise1\/DevExercise1\/Controllers\/CountryController.swift","hash":"6e697bc324bca19b3eaeac6c9af639faf6537acd"},{"path":"\/Users\/shumanarahman31gmail.com\/Desktop\/Swift\/DevExercise1\/DevExercise1\/Controllers\/LoginViewController.swift","hash":"a20d79e141a90d9c78c6b733543c2ebec812632f"},{"path":"\/Users\/shumanarahman31gmail.com\/Desktop\/Swift\/DevExercise1\/DevExercise1\/Controllers\/MainTabController.swift","hash":"ab9a60cbb171256da5be66904fea99fd599a94c6"},{"path":"\/Users\/shumanarahman31gmail.com\/Desktop\/Swift\/DevExercise1\/DevExercise1\/Controllers\/MapViewController.swift","hash":"5083931df89fde2f1176ded9cb8f14f0e8b4ff68"},{"path":"\/Users\/shumanarahman31gmail.com\/Desktop\/Swift\/DevExercise1\/DevExercise1\/Controllers\/SignOutController.swift","hash":"a612729c95be238955a3633c6e2e5fa93c0a2ac3"},{"path":"\/Users\/shumanarahman31gmail.com\/Desktop\/Swift\/DevExercise1\/DevExercise1\/Models\/Callout.swift","hash":"db9723a1e26dee502b689426c97c9a88624c1854"},{"path":"\/Users\/shumanarahman31gmail.com\/Desktop\/Swift\/DevExercise1\/DevExercise1\/Models\/Country.swift","hash":"59620832d90df94a56cdc917df931165f25769e9"},{"path":"\/Users\/shumanarahman31gmail.com\/Desktop\/Swift\/DevExercise1\/DevExercise1\/Models\/CountryItemModel.swift","hash":"ba90aa5c6a69cd6c41db6bee3b821ce037a1ad4f"},{"path":"\/Users\/shumanarahman31gmail.com\/Desktop\/Swift\/DevExercise1\/DevExercise1\/Models\/User.swift","hash":"0a6b986f31b03951406ba0086e422163626edb5b"},{"path":"\/Users\/shumanarahman31gmail.com\/Desktop\/Swift\/DevExercise1\/DevExercise1\/Moya\/CountryProvider.swift","hash":"6131a29616447c9ef7ca04c24193dbc37afbb190"},{"path":"\/Users\/shumanarahman31gmail.com\/Desktop\/Swift\/DevExercise1\/DevExercise1\/Moya\/LoginProvider.swift","hash":"b94939657c5f8034bc4665a278bb22814b2a503b"},{"path":"\/Users\/shumanarahman31gmail.com\/Desktop\/Swift\/DevExercise1\/DevExercise1\/Repository\/CountryRepository.swift","hash":"e895f90b0c94747bda00379463e6a63b2e5c548a"},{"path":"\/Users\/shumanarahman31gmail.com\/Desktop\/Swift\/DevExercise1\/DevExercise1\/Repository\/DataSources\/CountryLocal.swift","hash":"bb5beaabf11424f7d6bdd935cb1f9aa1de47201c"},{"path":"\/Users\/shumanarahman31gmail.com\/Desktop\/Swift\/DevExercise1\/DevExercise1\/Repository\/DataSources\/CountryRemote.swift","hash":"bd9d069ee5618476f11af8e25d6b3082dd68ee24"},{"path":"\/Users\/shumanarahman31gmail.com\/Desktop\/Swift\/DevExercise1\/DevExercise1\/Repository\/DataSources\/MapRemote.swift","hash":"1cf37ab2c63abe2c484008bf62f8199341164081"},{"path":"\/Users\/shumanarahman31gmail.com\/Desktop\/Swift\/DevExercise1\/DevExercise1\/Repository\/DataSources\/UserLocal.swift","hash":"fed91915094d1448f22776c1188f031fc3dec94c"},{"path":"\/Users\/shumanarahman31gmail.com\/Desktop\/Swift\/DevExercise1\/DevExercise1\/Repository\/DataSources\/UserRemote.swift","hash":"f5c4769ef9461d2c7b5f1b6ef66bc9e0f5ac04b8"},{"path":"\/Users\/shumanarahman31gmail.com\/Desktop\/Swift\/DevExercise1\/DevExercise1\/Repository\/MapRepository.swift","hash":"4a108911d93d0b06b9c2390da10dd5053de88c34"},{"path":"\/Users\/shumanarahman31gmail.com\/Desktop\/Swift\/DevExercise1\/DevExercise1\/Repository\/UserRepository.swift","hash":"ef78ebae50ea49139ecb7cf9e3d476cf167753bd"},{"path":"\/Users\/shumanarahman31gmail.com\/Desktop\/Swift\/DevExercise1\/DevExercise1\/SceneDelegate.swift","hash":"5b8ddf282ace1aade304c896850781698cee05ca"},{"path":"\/Users\/shumanarahman31gmail.com\/Desktop\/Swift\/DevExercise1\/DevExercise1\/Storage\/CountryStorage.swift","hash":"e5f7a2551eea50d0f078c8407fcd2faeeaeec5ca"},{"path":"\/Users\/shumanarahman31gmail.com\/Desktop\/Swift\/DevExercise1\/DevExercise1\/Storage\/SecureStorage\/SecureDataStorage.swift","hash":"2ce87c6274c478d65527c869ac0d9c45da3c8b25"},{"path":"\/Users\/shumanarahman31gmail.com\/Desktop\/Swift\/DevExercise1\/DevExercise1\/Storage\/SecureStorage\/SecureStore.swift","hash":"810c29d5b83d1f20d21afc8100a849e240a24d37"},{"path":"\/Users\/shumanarahman31gmail.com\/Desktop\/Swift\/DevExercise1\/DevExercise1\/Storage\/SecureStorage\/SecureStoreError.swift","hash":"9f1b5b07edde3cf87cf22f5dd2acd2570176941c"},{"path":"\/Users\/shumanarahman31gmail.com\/Desktop\/Swift\/DevExercise1\/DevExercise1\/Storage\/SecureStorage\/SecureStoreQueryable.swift","hash":"3b21dfe3c53ecadfbce050471e1a9a65ce1de811"},{"path":"\/Users\/shumanarahman31gmail.com\/Desktop\/Swift\/DevExercise1\/DevExercise1\/Storage\/StandardStorage.swift","hash":"a1bdb83c26459b5a772c940867cca8617aa4ea25"},{"path":"\/Users\/shumanarahman31gmail.com\/Desktop\/Swift\/DevExercise1\/DevExercise1\/Utilities\/Errors\/CustomErrors.swift","hash":"21219f0b113d69ca4a5277067b32cf156be35b0a"},{"path":"\/Users\/shumanarahman31gmail.com\/Desktop\/Swift\/DevExercise1\/DevExercise1\/Utilities\/Extensions.swift","hash":"b72451bbfdc3e9a464e22ae89b4a58bb32363d24"},{"path":"\/Users\/shumanarahman31gmail.com\/Desktop\/Swift\/DevExercise1\/DevExercise1\/Utilities\/Mappers\/CalloutMapper.swift","hash":"b0a295e71d0637241d17deadecf3a0a3459f15d4"},{"path":"\/Users\/shumanarahman31gmail.com\/Desktop\/Swift\/DevExercise1\/DevExercise1\/Utilities\/Mappers\/CountryMapper.swift","hash":"541e4630345c6a1615c3a1a80e11d1ddd0d2a530"},{"path":"\/Users\/shumanarahman31gmail.com\/Desktop\/Swift\/DevExercise1\/DevExercise1\/Utilities\/Network.swift","hash":"eec2468b42c74f8f1621e8e14c69c347fdb1a0ff"},{"path":"\/Users\/shumanarahman31gmail.com\/Desktop\/Swift\/DevExercise1\/DevExercise1\/Utilities\/SharedPoint.swift","hash":"28f65f3a717e8512fe00b9bf1a869a6737af60e7"},{"path":"\/Users\/shumanarahman31gmail.com\/Desktop\/Swift\/DevExercise1\/DevExercise1\/Utilities\/UserTimeout.swift","hash":"203cd77509ae5e0ce50912ff93e124336c0f6189"},{"path":"\/Users\/shumanarahman31gmail.com\/Desktop\/Swift\/DevExercise1\/DevExercise1\/ViewModels\/CountryCasesViewModel.swift","hash":"fef510282d0f3716c9ab4283ffc36f585dd786bb"},{"path":"\/Users\/shumanarahman31gmail.com\/Desktop\/Swift\/DevExercise1\/DevExercise1\/ViewModels\/LoginViewModel.swift","hash":"52c924c6ad0a2dee6f796d1906d2f53712f1800e"},{"path":"\/Users\/shumanarahman31gmail.com\/Desktop\/Swift\/DevExercise1\/DevExercise1\/ViewModels\/MapViewModel.swift","hash":"77184473d0753aeba60e91b9865ea493973ce02d"},{"path":"\/Users\/shumanarahman31gmail.com\/Desktop\/Swift\/DevExercise1\/DevExercise1\/ViewModels\/SignOutViewModel.swift","hash":"42f9d324f0e04e1b58059af89ef9d66f9e948fd8"},{"path":"\/Users\/shumanarahman31gmail.com\/Desktop\/Swift\/DevExercise1\/DevExercise1\/Views\/CountryCell.swift","hash":"6695415759a5225b71fea830ecb48c44538cff67"},{"path":"\/Users\/shumanarahman31gmail.com\/Desktop\/Swift\/DevExercise1\/DevExercise1\/main.swift","hash":"4882cad96c268039f2ee9cb999135b048bc00be5"}],"configHash":"13e93da946569ff796bdf0790820453580ae5d99","dependencyPathsHash":"da39a3ee5e6b4b0d3255bfef95601890afd80709","targetPathsHash":"f4c1ec1e8e255888ff0f6f57d805414b9bd5b10f","mockedTypesHash":"9e33e1ecb78fb1fdc4870d6d0de73a6248fe8142","outputHash":"e31d12ec2f8d32ed20ec8db5934ca33f212479a6","dependencies":[],"sourceRoot":"\/Users\/shumanarahman31gmail.com\/Desktop\/Swift\/DevExercise1","supportingFilePaths":[],"name":"DevExercise1","projectHash":"da5049e6c297ddc7ef63e43de705f931310417ca"}