{"cliVersion":"0.14.0","productModuleName":"DevExercise1","sourceFilePaths":[{"path":"\/Users\/shumanarahman31gmail.com\/Desktop\/Swift\/DevExercise1\/DevExercise1\/API\/ArcgisDatasource.swift","hash":"d6f4f370c908a6c26a8bb504ea6388126a3aae2c"},{"path":"\/Users\/shumanarahman31gmail.com\/Desktop\/Swift\/DevExercise1\/DevExercise1\/API\/Mapper.swift","hash":"7fb2d0cad76c2d6727d76485467ee4e3d9a38bde"},{"path":"\/Users\/shumanarahman31gmail.com\/Desktop\/Swift\/DevExercise1\/DevExercise1\/API\/Repositories.swift","hash":"3c53b8ebf46d623087bfa2e0e723cc0ff119e791"},{"path":"\/Users\/shumanarahman31gmail.com\/Desktop\/Swift\/DevExercise1\/DevExercise1\/API\/Storage.swift","hash":"3e128564764da00d010f5a8cdc2bfebd9d2e01b3"},{"path":"\/Users\/shumanarahman31gmail.com\/Desktop\/Swift\/DevExercise1\/DevExercise1\/AppDelegate.swift","hash":"5344648b0648fc894b04d037acbe19cc6d5eed9b"},{"path":"\/Users\/shumanarahman31gmail.com\/Desktop\/Swift\/DevExercise1\/DevExercise1\/Controllers\/CountryController.swift","hash":"21151de9ce843672fa2ce94589e2482bb94f9d5e"},{"path":"\/Users\/shumanarahman31gmail.com\/Desktop\/Swift\/DevExercise1\/DevExercise1\/Controllers\/MainTabController.swift","hash":"77a8c27f186424f1e1defdbeb13aa8860f4ae530"},{"path":"\/Users\/shumanarahman31gmail.com\/Desktop\/Swift\/DevExercise1\/DevExercise1\/Controllers\/MapViewController.swift","hash":"a2bade315fa037b54bc7988821188798ddef835d"},{"path":"\/Users\/shumanarahman31gmail.com\/Desktop\/Swift\/DevExercise1\/DevExercise1\/Models\/Country.swift","hash":"488038a1f37ae11d42e50e4ba7a18370989834f1"},{"path":"\/Users\/shumanarahman31gmail.com\/Desktop\/Swift\/DevExercise1\/DevExercise1\/SceneDelegate.swift","hash":"313fd1a3be67aaf8f87ce7b923bfe95f44ebc31d"},{"path":"\/Users\/shumanarahman31gmail.com\/Desktop\/Swift\/DevExercise1\/DevExercise1\/Utilities\/Extensions.swift","hash":"c0865a0774700b078746c83bc90134346d47194b"},{"path":"\/Users\/shumanarahman31gmail.com\/Desktop\/Swift\/DevExercise1\/DevExercise1\/Utilities\/InternetConnection.swift","hash":"3f8d5a960a90155d4de6b04d5937d01cf442b253"},{"path":"\/Users\/shumanarahman31gmail.com\/Desktop\/Swift\/DevExercise1\/DevExercise1\/Utilities\/Util.swift","hash":"3d6b4c73e90382e4252a50c5c9210f3705a414b9"},{"path":"\/Users\/shumanarahman31gmail.com\/Desktop\/Swift\/DevExercise1\/DevExercise1\/VIews\/CountryCell.swift","hash":"9828e54a4d909779e2b1754ded59651f599835f6"},{"path":"\/Users\/shumanarahman31gmail.com\/Desktop\/Swift\/DevExercise1\/DevExercise1\/ViewModels\/CountryCasesViewModel.swift","hash":"c74c2c75d5fa559fa145cb5299d22681403a2aa4"},{"path":"\/Users\/shumanarahman31gmail.com\/Desktop\/Swift\/DevExercise1\/DevExercise1\/ViewModels\/CountryItemViewModel.swift","hash":"31d4b6b7e666dd7ee28359a900c1c126d1fdcd9b"},{"path":"\/Users\/shumanarahman31gmail.com\/Desktop\/Swift\/DevExercise1\/DevExercise1\/ViewModels\/MapViewModel.swift","hash":"4253af489c99bf67ba53f53cc39f07495654b32b"}],"configHash":"13e93da946569ff796bdf0790820453580ae5d99","dependencyPathsHash":"da39a3ee5e6b4b0d3255bfef95601890afd80709","targetPathsHash":"6acb95cb64c7edd6ab1a035b9c5ed5fc50fd25a8","mockedTypesHash":"bc08e55d39360c6b5e50e27f8d69a4f61839c178","outputHash":"bd4066575546bfb312a3d6bacb0bc5fa2b7195e0","dependencies":[],"sourceRoot":"\/Users\/shumanarahman31gmail.com\/Desktop\/Swift\/DevExercise1","supportingFilePaths":[],"name":"DevExercise1","projectHash":"c2280a98f2c48a07059d5618d54c3a4515d2d6d0"}