{"productModuleName":"DevExercise1Tests","configHash":"13e93da946569ff796bdf0790820453580ae5d99","mockedTypeNames":["\/Users\/shumanarahman31gmail.com\/Desktop\/Swift\/DevExercise1\/DevExercise1Tests\/RemoteDataSourceTests.swift",["CountryCasesRemoteDataSource"],"\/Users\/shumanarahman31gmail.com\/Desktop\/Swift\/DevExercise1\/DevExercise1Tests\/RepositoryTests.swift",[],"\/Users\/shumanarahman31gmail.com\/Desktop\/Swift\/DevExercise1\/DevExercise1Tests\/DevExercise1Tests.swift",[]],"cliVersion":"0.14.0","sourceFilePaths":[{"path":"\/Users\/shumanarahman31gmail.com\/Desktop\/Swift\/DevExercise1\/DevExercise1Tests\/DevExercise1Tests.swift","hash":"cfee4c38bda101cdc734dcca23980b51c67f8d24"},{"path":"\/Users\/shumanarahman31gmail.com\/Desktop\/Swift\/DevExercise1\/DevExercise1Tests\/RemoteDataSourceTests.swift","hash":"e07f47debc05f972d1709a8c61f527d6294a228c"},{"path":"\/Users\/shumanarahman31gmail.com\/Desktop\/Swift\/DevExercise1\/DevExercise1Tests\/RepositoryTests.swift","hash":"7aef22468b21468081dfcb12a4eaee6db6d3d016"},{"path":"\/Users\/shumanarahman31gmail.com\/Desktop\/Swift\/DevExercise1\/MockingbirdMocks\/DevExercise1Tests-DevExercise1Mocks.generated.swift","hash":"ee33e71a88fc87914e8b3d501a114219d067519e"}],"sourceRoot":"\/Users\/shumanarahman31gmail.com\/Desktop\/Swift\/DevExercise1","dependencies":[],"name":"DevExercise1Tests"}