// !$*UTF8*$!
{
	archiveVersion = 1;
	classes = {
	};
	objectVersion = 51;
	objects = {

/* Begin PBXBuildFile section */
		4549520524B633F300023370 /* CountryController.swift in Sources */ = {isa = PBXBuildFile; fileRef = 4549520424B633F300023370 /* CountryController.swift */; };
		4549520724B63BA200023370 /* CountryCasesViewModel.swift in Sources */ = {isa = PBXBuildFile; fileRef = 4549520624B63BA200023370 /* CountryCasesViewModel.swift */; };
		4549520924B64DCD00023370 /* Repositories.swift in Sources */ = {isa = PBXBuildFile; fileRef = 4549520824B64DCD00023370 /* Repositories.swift */; };
		456D8E0424B3BD76004B72A1 /* ArcgisDatasource.swift in Sources */ = {isa = PBXBuildFile; fileRef = 456D8E0324B3BD76004B72A1 /* ArcgisDatasource.swift */; };
		456D8E0624B3D4BF004B72A1 /* MapViewModel.swift in Sources */ = {isa = PBXBuildFile; fileRef = 456D8E0524B3D4BF004B72A1 /* MapViewModel.swift */; };
		45759AB124B4DEB6009FEBEA /* Storage.swift in Sources */ = {isa = PBXBuildFile; fileRef = 45759AB024B4DEB6009FEBEA /* Storage.swift */; };
		45759AB324B4E00F009FEBEA /* Mapper.swift in Sources */ = {isa = PBXBuildFile; fileRef = 45759AB224B4E00F009FEBEA /* Mapper.swift */; };
		45759AB524B4E56F009FEBEA /* CountryItemViewModel.swift in Sources */ = {isa = PBXBuildFile; fileRef = 45759AB424B4E56F009FEBEA /* CountryItemViewModel.swift */; };
		45759AB724B4EB6A009FEBEA /* MapViewController.swift in Sources */ = {isa = PBXBuildFile; fileRef = 45759AB624B4EB69009FEBEA /* MapViewController.swift */; };
		45D8181E24A0F4E0008B7E0F /* CountryCell.swift in Sources */ = {isa = PBXBuildFile; fileRef = 45D8181D24A0F4E0008B7E0F /* CountryCell.swift */; };
		45FE2A4A249BC11C00D8727D /* AppDelegate.swift in Sources */ = {isa = PBXBuildFile; fileRef = 45FE2A49249BC11C00D8727D /* AppDelegate.swift */; };
		45FE2A4C249BC11C00D8727D /* SceneDelegate.swift in Sources */ = {isa = PBXBuildFile; fileRef = 45FE2A4B249BC11C00D8727D /* SceneDelegate.swift */; };
		45FE2A51249BC11C00D8727D /* Main.storyboard in Resources */ = {isa = PBXBuildFile; fileRef = 45FE2A4F249BC11C00D8727D /* Main.storyboard */; };
		45FE2A54249BC11C00D8727D /* DevExercise1.xcdatamodeld in Sources */ = {isa = PBXBuildFile; fileRef = 45FE2A52249BC11C00D8727D /* DevExercise1.xcdatamodeld */; };
		45FE2A56249BC11D00D8727D /* Assets.xcassets in Resources */ = {isa = PBXBuildFile; fileRef = 45FE2A55249BC11D00D8727D /* Assets.xcassets */; };
		45FE2A59249BC11D00D8727D /* LaunchScreen.storyboard in Resources */ = {isa = PBXBuildFile; fileRef = 45FE2A57249BC11D00D8727D /* LaunchScreen.storyboard */; };
		45FE2A64249BC11D00D8727D /* DevExercise1Tests.swift in Sources */ = {isa = PBXBuildFile; fileRef = 45FE2A63249BC11D00D8727D /* DevExercise1Tests.swift */; };
		45FE2A6F249BC11E00D8727D /* DevExercise1UITests.swift in Sources */ = {isa = PBXBuildFile; fileRef = 45FE2A6E249BC11E00D8727D /* DevExercise1UITests.swift */; };
		45FE2A89249BC3E300D8727D /* Country.swift in Sources */ = {isa = PBXBuildFile; fileRef = 45FE2A88249BC3E300D8727D /* Country.swift */; };
		45FE2A8F249BD46700D8727D /* MainTabController.swift in Sources */ = {isa = PBXBuildFile; fileRef = 45FE2A8E249BD46700D8727D /* MainTabController.swift */; };
		45FE2B21249C1DAE00D8727D /* Extensions.swift in Sources */ = {isa = PBXBuildFile; fileRef = 45FE2B20249C1DAE00D8727D /* Extensions.swift */; };
		45FE2B23249C1DB800D8727D /* Util.swift in Sources */ = {isa = PBXBuildFile; fileRef = 45FE2B22249C1DB800D8727D /* Util.swift */; };
		69D86E483AD96DC6D582BCFD /* Pods_DevExercise1.framework in Frameworks */ = {isa = PBXBuildFile; fileRef = 62C07EE8BC1D47E8472A3A37 /* Pods_DevExercise1.framework */; };
		B7326024AF4D908E0DD63F1F /* Pods_DevExercise1Tests.framework in Frameworks */ = {isa = PBXBuildFile; fileRef = D9FF77CFA3BA198944CD00D1 /* Pods_DevExercise1Tests.framework */; };
		CAE6D6741AAF469760B7EF09 /* Pods_DevExercise1_DevExercise1UITests.framework in Frameworks */ = {isa = PBXBuildFile; fileRef = A0E7F9CA94BAD669CAD3D054 /* Pods_DevExercise1_DevExercise1UITests.framework */; };
/* End PBXBuildFile section */

/* Begin PBXContainerItemProxy section */
		45FE2A60249BC11D00D8727D /* PBXContainerItemProxy */ = {
			isa = PBXContainerItemProxy;
			containerPortal = 45FE2A3E249BC11C00D8727D /* Project object */;
			proxyType = 1;
			remoteGlobalIDString = 45FE2A45249BC11C00D8727D;
			remoteInfo = DevExercise1;
		};
		45FE2A6B249BC11E00D8727D /* PBXContainerItemProxy */ = {
			isa = PBXContainerItemProxy;
			containerPortal = 45FE2A3E249BC11C00D8727D /* Project object */;
			proxyType = 1;
			remoteGlobalIDString = 45FE2A45249BC11C00D8727D;
			remoteInfo = DevExercise1;
		};
/* End PBXContainerItemProxy section */

/* Begin PBXFileReference section */
		11E3A87BE270823BC462E861 /* Pods-DevExercise1Tests.debug.xcconfig */ = {isa = PBXFileReference; includeInIndex = 1; lastKnownFileType = text.xcconfig; name = "Pods-DevExercise1Tests.debug.xcconfig"; path = "Target Support Files/Pods-DevExercise1Tests/Pods-DevExercise1Tests.debug.xcconfig"; sourceTree = "<group>"; };
		4549520424B633F300023370 /* CountryController.swift */ = {isa = PBXFileReference; lastKnownFileType = sourcecode.swift; path = CountryController.swift; sourceTree = "<group>"; };
		4549520624B63BA200023370 /* CountryCasesViewModel.swift */ = {isa = PBXFileReference; lastKnownFileType = sourcecode.swift; path = CountryCasesViewModel.swift; sourceTree = "<group>"; };
		4549520824B64DCD00023370 /* Repositories.swift */ = {isa = PBXFileReference; lastKnownFileType = sourcecode.swift; path = Repositories.swift; sourceTree = "<group>"; };
		456D8E0324B3BD76004B72A1 /* ArcgisDatasource.swift */ = {isa = PBXFileReference; lastKnownFileType = sourcecode.swift; path = ArcgisDatasource.swift; sourceTree = "<group>"; };
		456D8E0524B3D4BF004B72A1 /* MapViewModel.swift */ = {isa = PBXFileReference; lastKnownFileType = sourcecode.swift; path = MapViewModel.swift; sourceTree = "<group>"; };
		45759AB024B4DEB6009FEBEA /* Storage.swift */ = {isa = PBXFileReference; lastKnownFileType = sourcecode.swift; path = Storage.swift; sourceTree = "<group>"; };
		45759AB224B4E00F009FEBEA /* Mapper.swift */ = {isa = PBXFileReference; lastKnownFileType = sourcecode.swift; path = Mapper.swift; sourceTree = "<group>"; };
		45759AB424B4E56F009FEBEA /* CountryItemViewModel.swift */ = {isa = PBXFileReference; lastKnownFileType = sourcecode.swift; path = CountryItemViewModel.swift; sourceTree = "<group>"; };
		45759AB624B4EB69009FEBEA /* MapViewController.swift */ = {isa = PBXFileReference; lastKnownFileType = sourcecode.swift; path = MapViewController.swift; sourceTree = "<group>"; };
		45D8181D24A0F4E0008B7E0F /* CountryCell.swift */ = {isa = PBXFileReference; lastKnownFileType = sourcecode.swift; path = CountryCell.swift; sourceTree = "<group>"; };
		45FE2A46249BC11C00D8727D /* DevExercise1.app */ = {isa = PBXFileReference; explicitFileType = wrapper.application; includeInIndex = 0; path = DevExercise1.app; sourceTree = BUILT_PRODUCTS_DIR; };
		45FE2A49249BC11C00D8727D /* AppDelegate.swift */ = {isa = PBXFileReference; lastKnownFileType = sourcecode.swift; path = AppDelegate.swift; sourceTree = "<group>"; };
		45FE2A4B249BC11C00D8727D /* SceneDelegate.swift */ = {isa = PBXFileReference; lastKnownFileType = sourcecode.swift; path = SceneDelegate.swift; sourceTree = "<group>"; };
		45FE2A50249BC11C00D8727D /* Base */ = {isa = PBXFileReference; lastKnownFileType = file.storyboard; name = Base; path = Base.lproj/Main.storyboard; sourceTree = "<group>"; };
		45FE2A53249BC11C00D8727D /* DevExercise1.xcdatamodel */ = {isa = PBXFileReference; lastKnownFileType = wrapper.xcdatamodel; path = DevExercise1.xcdatamodel; sourceTree = "<group>"; };
		45FE2A55249BC11D00D8727D /* Assets.xcassets */ = {isa = PBXFileReference; lastKnownFileType = folder.assetcatalog; path = Assets.xcassets; sourceTree = "<group>"; };
		45FE2A58249BC11D00D8727D /* Base */ = {isa = PBXFileReference; lastKnownFileType = file.storyboard; name = Base; path = Base.lproj/LaunchScreen.storyboard; sourceTree = "<group>"; };
		45FE2A5A249BC11D00D8727D /* Info.plist */ = {isa = PBXFileReference; lastKnownFileType = text.plist.xml; path = Info.plist; sourceTree = "<group>"; };
		45FE2A5F249BC11D00D8727D /* DevExercise1Tests.xctest */ = {isa = PBXFileReference; explicitFileType = wrapper.cfbundle; includeInIndex = 0; path = DevExercise1Tests.xctest; sourceTree = BUILT_PRODUCTS_DIR; };
		45FE2A63249BC11D00D8727D /* DevExercise1Tests.swift */ = {isa = PBXFileReference; lastKnownFileType = sourcecode.swift; path = DevExercise1Tests.swift; sourceTree = "<group>"; };
		45FE2A65249BC11D00D8727D /* Info.plist */ = {isa = PBXFileReference; lastKnownFileType = text.plist.xml; path = Info.plist; sourceTree = "<group>"; };
		45FE2A6A249BC11E00D8727D /* DevExercise1UITests.xctest */ = {isa = PBXFileReference; explicitFileType = wrapper.cfbundle; includeInIndex = 0; path = DevExercise1UITests.xctest; sourceTree = BUILT_PRODUCTS_DIR; };
		45FE2A6E249BC11E00D8727D /* DevExercise1UITests.swift */ = {isa = PBXFileReference; lastKnownFileType = sourcecode.swift; path = DevExercise1UITests.swift; sourceTree = "<group>"; };
		45FE2A70249BC11E00D8727D /* Info.plist */ = {isa = PBXFileReference; lastKnownFileType = text.plist.xml; path = Info.plist; sourceTree = "<group>"; };
		45FE2A88249BC3E300D8727D /* Country.swift */ = {isa = PBXFileReference; lastKnownFileType = sourcecode.swift; path = Country.swift; sourceTree = "<group>"; };
		45FE2A8E249BD46700D8727D /* MainTabController.swift */ = {isa = PBXFileReference; lastKnownFileType = sourcecode.swift; path = MainTabController.swift; sourceTree = "<group>"; };
		45FE2B20249C1DAE00D8727D /* Extensions.swift */ = {isa = PBXFileReference; fileEncoding = 4; lastKnownFileType = sourcecode.swift; path = Extensions.swift; sourceTree = "<group>"; };
		45FE2B22249C1DB800D8727D /* Util.swift */ = {isa = PBXFileReference; fileEncoding = 4; lastKnownFileType = sourcecode.swift; path = Util.swift; sourceTree = "<group>"; };
		58E2C3A1E724753FD741C556 /* Pods-DevExercise1.release.xcconfig */ = {isa = PBXFileReference; includeInIndex = 1; lastKnownFileType = text.xcconfig; name = "Pods-DevExercise1.release.xcconfig"; path = "Target Support Files/Pods-DevExercise1/Pods-DevExercise1.release.xcconfig"; sourceTree = "<group>"; };
		62C07EE8BC1D47E8472A3A37 /* Pods_DevExercise1.framework */ = {isa = PBXFileReference; explicitFileType = wrapper.framework; includeInIndex = 0; path = Pods_DevExercise1.framework; sourceTree = BUILT_PRODUCTS_DIR; };
		708CDF8250891193CBB38C4F /* Pods-DevExercise1-DevExercise1UITests.debug.xcconfig */ = {isa = PBXFileReference; includeInIndex = 1; lastKnownFileType = text.xcconfig; name = "Pods-DevExercise1-DevExercise1UITests.debug.xcconfig"; path = "Target Support Files/Pods-DevExercise1-DevExercise1UITests/Pods-DevExercise1-DevExercise1UITests.debug.xcconfig"; sourceTree = "<group>"; };
		A0E7F9CA94BAD669CAD3D054 /* Pods_DevExercise1_DevExercise1UITests.framework */ = {isa = PBXFileReference; explicitFileType = wrapper.framework; includeInIndex = 0; path = Pods_DevExercise1_DevExercise1UITests.framework; sourceTree = BUILT_PRODUCTS_DIR; };
		A92235BEC127222A892951D5 /* Pods-DevExercise1.debug.xcconfig */ = {isa = PBXFileReference; includeInIndex = 1; lastKnownFileType = text.xcconfig; name = "Pods-DevExercise1.debug.xcconfig"; path = "Target Support Files/Pods-DevExercise1/Pods-DevExercise1.debug.xcconfig"; sourceTree = "<group>"; };
		D9FF77CFA3BA198944CD00D1 /* Pods_DevExercise1Tests.framework */ = {isa = PBXFileReference; explicitFileType = wrapper.framework; includeInIndex = 0; path = Pods_DevExercise1Tests.framework; sourceTree = BUILT_PRODUCTS_DIR; };
		F9572A9755E08D92BC3EA41B /* Pods-DevExercise1Tests.release.xcconfig */ = {isa = PBXFileReference; includeInIndex = 1; lastKnownFileType = text.xcconfig; name = "Pods-DevExercise1Tests.release.xcconfig"; path = "Target Support Files/Pods-DevExercise1Tests/Pods-DevExercise1Tests.release.xcconfig"; sourceTree = "<group>"; };
		FC8D5A3C8C24DF44AF451D8B /* Pods-DevExercise1-DevExercise1UITests.release.xcconfig */ = {isa = PBXFileReference; includeInIndex = 1; lastKnownFileType = text.xcconfig; name = "Pods-DevExercise1-DevExercise1UITests.release.xcconfig"; path = "Target Support Files/Pods-DevExercise1-DevExercise1UITests/Pods-DevExercise1-DevExercise1UITests.release.xcconfig"; sourceTree = "<group>"; };
/* End PBXFileReference section */

/* Begin PBXFrameworksBuildPhase section */
		45FE2A43249BC11C00D8727D /* Frameworks */ = {
			isa = PBXFrameworksBuildPhase;
			buildActionMask = 2147483647;
			files = (
				69D86E483AD96DC6D582BCFD /* Pods_DevExercise1.framework in Frameworks */,
			);
			runOnlyForDeploymentPostprocessing = 0;
		};
		45FE2A5C249BC11D00D8727D /* Frameworks */ = {
			isa = PBXFrameworksBuildPhase;
			buildActionMask = 2147483647;
			files = (
				B7326024AF4D908E0DD63F1F /* Pods_DevExercise1Tests.framework in Frameworks */,
			);
			runOnlyForDeploymentPostprocessing = 0;
		};
		45FE2A67249BC11E00D8727D /* Frameworks */ = {
			isa = PBXFrameworksBuildPhase;
			buildActionMask = 2147483647;
			files = (
				CAE6D6741AAF469760B7EF09 /* Pods_DevExercise1_DevExercise1UITests.framework in Frameworks */,
			);
			runOnlyForDeploymentPostprocessing = 0;
		};
/* End PBXFrameworksBuildPhase section */

/* Begin PBXGroup section */
		45FE2A3D249BC11C00D8727D = {
			isa = PBXGroup;
			children = (
				45FE2A48249BC11C00D8727D /* DevExercise1 */,
				45FE2A62249BC11D00D8727D /* DevExercise1Tests */,
				45FE2A6D249BC11E00D8727D /* DevExercise1UITests */,
				45FE2A47249BC11C00D8727D /* Products */,
				F01C0811FFF4CB10216D53A3 /* Pods */,
				D7C7DFDFA5E4FE341C1FE5AA /* Frameworks */,
			);
			sourceTree = "<group>";
		};
		45FE2A47249BC11C00D8727D /* Products */ = {
			isa = PBXGroup;
			children = (
				45FE2A46249BC11C00D8727D /* DevExercise1.app */,
				45FE2A5F249BC11D00D8727D /* DevExercise1Tests.xctest */,
				45FE2A6A249BC11E00D8727D /* DevExercise1UITests.xctest */,
			);
			name = Products;
			sourceTree = "<group>";
		};
		45FE2A48249BC11C00D8727D /* DevExercise1 */ = {
			isa = PBXGroup;
			children = (
				45FE2A81249BC23900D8727D /* Utilities */,
				45FE2A80249BC22700D8727D /* ViewModels */,
				45FE2A7F249BC20900D8727D /* VIews */,
				45FE2A7E249BC20400D8727D /* Models */,
				45FE2A7C249BC1E700D8727D /* Controllers */,
				45FE2A7D249BC1F600D8727D /* API */,
				45FE2A4F249BC11C00D8727D /* Main.storyboard */,
				45FE2A4B249BC11C00D8727D /* SceneDelegate.swift */,
				45FE2A49249BC11C00D8727D /* AppDelegate.swift */,
				45FE2A55249BC11D00D8727D /* Assets.xcassets */,
				45FE2A57249BC11D00D8727D /* LaunchScreen.storyboard */,
				45FE2A5A249BC11D00D8727D /* Info.plist */,
				45FE2A52249BC11C00D8727D /* DevExercise1.xcdatamodeld */,
			);
			path = DevExercise1;
			sourceTree = "<group>";
		};
		45FE2A62249BC11D00D8727D /* DevExercise1Tests */ = {
			isa = PBXGroup;
			children = (
				45FE2A63249BC11D00D8727D /* DevExercise1Tests.swift */,
				45FE2A65249BC11D00D8727D /* Info.plist */,
			);
			path = DevExercise1Tests;
			sourceTree = "<group>";
		};
		45FE2A6D249BC11E00D8727D /* DevExercise1UITests */ = {
			isa = PBXGroup;
			children = (
				45FE2A6E249BC11E00D8727D /* DevExercise1UITests.swift */,
				45FE2A70249BC11E00D8727D /* Info.plist */,
			);
			path = DevExercise1UITests;
			sourceTree = "<group>";
		};
		45FE2A7C249BC1E700D8727D /* Controllers */ = {
			isa = PBXGroup;
			children = (
				45759AB624B4EB69009FEBEA /* MapViewController.swift */,
				45FE2A8E249BD46700D8727D /* MainTabController.swift */,
				4549520424B633F300023370 /* CountryController.swift */,
			);
			path = Controllers;
			sourceTree = "<group>";
		};
		45FE2A7D249BC1F600D8727D /* API */ = {
			isa = PBXGroup;
			children = (
				456D8E0324B3BD76004B72A1 /* ArcgisDatasource.swift */,
				4549520824B64DCD00023370 /* Repositories.swift */,
				45759AB024B4DEB6009FEBEA /* Storage.swift */,
				45759AB224B4E00F009FEBEA /* Mapper.swift */,
			);
			path = API;
			sourceTree = "<group>";
		};
		45FE2A7E249BC20400D8727D /* Models */ = {
			isa = PBXGroup;
			children = (
				45FE2A88249BC3E300D8727D /* Country.swift */,
			);
			path = Models;
			sourceTree = "<group>";
		};
		45FE2A7F249BC20900D8727D /* VIews */ = {
			isa = PBXGroup;
			children = (
				45D8181D24A0F4E0008B7E0F /* CountryCell.swift */,
			);
			path = VIews;
			sourceTree = "<group>";
		};
		45FE2A80249BC22700D8727D /* ViewModels */ = {
			isa = PBXGroup;
			children = (
				456D8E0524B3D4BF004B72A1 /* MapViewModel.swift */,
				45759AB424B4E56F009FEBEA /* CountryItemViewModel.swift */,
				4549520624B63BA200023370 /* CountryCasesViewModel.swift */,
			);
			path = ViewModels;
			sourceTree = "<group>";
		};
		45FE2A81249BC23900D8727D /* Utilities */ = {
			isa = PBXGroup;
			children = (
				45FE2B20249C1DAE00D8727D /* Extensions.swift */,
				45FE2B22249C1DB800D8727D /* Util.swift */,
			);
			path = Utilities;
			sourceTree = "<group>";
		};
		D7C7DFDFA5E4FE341C1FE5AA /* Frameworks */ = {
			isa = PBXGroup;
			children = (
				62C07EE8BC1D47E8472A3A37 /* Pods_DevExercise1.framework */,
				A0E7F9CA94BAD669CAD3D054 /* Pods_DevExercise1_DevExercise1UITests.framework */,
				D9FF77CFA3BA198944CD00D1 /* Pods_DevExercise1Tests.framework */,
			);
			name = Frameworks;
			sourceTree = "<group>";
		};
		F01C0811FFF4CB10216D53A3 /* Pods */ = {
			isa = PBXGroup;
			children = (
				A92235BEC127222A892951D5 /* Pods-DevExercise1.debug.xcconfig */,
				58E2C3A1E724753FD741C556 /* Pods-DevExercise1.release.xcconfig */,
				708CDF8250891193CBB38C4F /* Pods-DevExercise1-DevExercise1UITests.debug.xcconfig */,
				FC8D5A3C8C24DF44AF451D8B /* Pods-DevExercise1-DevExercise1UITests.release.xcconfig */,
				11E3A87BE270823BC462E861 /* Pods-DevExercise1Tests.debug.xcconfig */,
				F9572A9755E08D92BC3EA41B /* Pods-DevExercise1Tests.release.xcconfig */,
			);
			path = Pods;
			sourceTree = "<group>";
		};
/* End PBXGroup section */

/* Begin PBXNativeTarget section */
		45FE2A45249BC11C00D8727D /* DevExercise1 */ = {
			isa = PBXNativeTarget;
			buildConfigurationList = 45FE2A73249BC11E00D8727D /* Build configuration list for PBXNativeTarget "DevExercise1" */;
			buildPhases = (
				8A7F99FDC5F67BB7D8181E90 /* [CP] Check Pods Manifest.lock */,
				45FE2A42249BC11C00D8727D /* Sources */,
				45FE2A43249BC11C00D8727D /* Frameworks */,
				45FE2A44249BC11C00D8727D /* Resources */,
				B757E35162F022E5D56DDF7B /* [CP] Embed Pods Frameworks */,
			);
			buildRules = (
			);
			dependencies = (
			);
			name = DevExercise1;
			productName = DevExercise1;
			productReference = 45FE2A46249BC11C00D8727D /* DevExercise1.app */;
			productType = "com.apple.product-type.application";
		};
		45FE2A5E249BC11D00D8727D /* DevExercise1Tests */ = {
			isa = PBXNativeTarget;
			buildConfigurationList = 45FE2A76249BC11E00D8727D /* Build configuration list for PBXNativeTarget "DevExercise1Tests" */;
			buildPhases = (
				15E796307F94ED25226A1147 /* [CP] Check Pods Manifest.lock */,
				45FE2A5B249BC11D00D8727D /* Sources */,
				45FE2A5C249BC11D00D8727D /* Frameworks */,
				45FE2A5D249BC11D00D8727D /* Resources */,
			);
			buildRules = (
			);
			dependencies = (
				45FE2A61249BC11D00D8727D /* PBXTargetDependency */,
			);
			name = DevExercise1Tests;
			productName = DevExercise1Tests;
			productReference = 45FE2A5F249BC11D00D8727D /* DevExercise1Tests.xctest */;
			productType = "com.apple.product-type.bundle.unit-test";
		};
		45FE2A69249BC11E00D8727D /* DevExercise1UITests */ = {
			isa = PBXNativeTarget;
			buildConfigurationList = 45FE2A79249BC11E00D8727D /* Build configuration list for PBXNativeTarget "DevExercise1UITests" */;
			buildPhases = (
				14C788CDDDBDF000575838D0 /* [CP] Check Pods Manifest.lock */,
				45FE2A66249BC11E00D8727D /* Sources */,
				45FE2A67249BC11E00D8727D /* Frameworks */,
				45FE2A68249BC11E00D8727D /* Resources */,
				38AC8DA7152B8551174C69AE /* [CP] Embed Pods Frameworks */,
			);
			buildRules = (
			);
			dependencies = (
				45FE2A6C249BC11E00D8727D /* PBXTargetDependency */,
			);
			name = DevExercise1UITests;
			productName = DevExercise1UITests;
			productReference = 45FE2A6A249BC11E00D8727D /* DevExercise1UITests.xctest */;
			productType = "com.apple.product-type.bundle.ui-testing";
		};
/* End PBXNativeTarget section */

/* Begin PBXProject section */
		45FE2A3E249BC11C00D8727D /* Project object */ = {
			isa = PBXProject;
			attributes = {
				LastSwiftUpdateCheck = 1150;
				LastUpgradeCheck = 1150;
				ORGANIZATIONNAME = "Tahminur Rahman";
				TargetAttributes = {
					45FE2A45249BC11C00D8727D = {
						CreatedOnToolsVersion = 11.5;
					};
					45FE2A5E249BC11D00D8727D = {
						CreatedOnToolsVersion = 11.5;
						TestTargetID = 45FE2A45249BC11C00D8727D;
					};
					45FE2A69249BC11E00D8727D = {
						CreatedOnToolsVersion = 11.5;
						TestTargetID = 45FE2A45249BC11C00D8727D;
					};
				};
			};
			buildConfigurationList = 45FE2A41249BC11C00D8727D /* Build configuration list for PBXProject "DevExercise1" */;
			compatibilityVersion = "Xcode 9.3";
			developmentRegion = en;
			hasScannedForEncodings = 0;
			knownRegions = (
				en,
				Base,
			);
			mainGroup = 45FE2A3D249BC11C00D8727D;
			productRefGroup = 45FE2A47249BC11C00D8727D /* Products */;
			projectDirPath = "";
			projectRoot = "";
			targets = (
				45FE2A45249BC11C00D8727D /* DevExercise1 */,
				45FE2A5E249BC11D00D8727D /* DevExercise1Tests */,
				45FE2A69249BC11E00D8727D /* DevExercise1UITests */,
			);
		};
/* End PBXProject section */

/* Begin PBXResourcesBuildPhase section */
		45FE2A44249BC11C00D8727D /* Resources */ = {
			isa = PBXResourcesBuildPhase;
			buildActionMask = 2147483647;
			files = (
				45FE2A59249BC11D00D8727D /* LaunchScreen.storyboard in Resources */,
				45FE2A56249BC11D00D8727D /* Assets.xcassets in Resources */,
				45FE2A51249BC11C00D8727D /* Main.storyboard in Resources */,
			);
			runOnlyForDeploymentPostprocessing = 0;
		};
		45FE2A5D249BC11D00D8727D /* Resources */ = {
			isa = PBXResourcesBuildPhase;
			buildActionMask = 2147483647;
			files = (
			);
			runOnlyForDeploymentPostprocessing = 0;
		};
		45FE2A68249BC11E00D8727D /* Resources */ = {
			isa = PBXResourcesBuildPhase;
			buildActionMask = 2147483647;
			files = (
			);
			runOnlyForDeploymentPostprocessing = 0;
		};
/* End PBXResourcesBuildPhase section */

/* Begin PBXShellScriptBuildPhase section */
		14C788CDDDBDF000575838D0 /* [CP] Check Pods Manifest.lock */ = {
			isa = PBXShellScriptBuildPhase;
			buildActionMask = 2147483647;
			files = (
			);
			inputFileListPaths = (
			);
			inputPaths = (
				"${PODS_PODFILE_DIR_PATH}/Podfile.lock",
				"${PODS_ROOT}/Manifest.lock",
			);
			name = "[CP] Check Pods Manifest.lock";
			outputFileListPaths = (
			);
			outputPaths = (
				"$(DERIVED_FILE_DIR)/Pods-DevExercise1-DevExercise1UITests-checkManifestLockResult.txt",
			);
			runOnlyForDeploymentPostprocessing = 0;
			shellPath = /bin/sh;
			shellScript = "diff \"${PODS_PODFILE_DIR_PATH}/Podfile.lock\" \"${PODS_ROOT}/Manifest.lock\" > /dev/null\nif [ $? != 0 ] ; then\n    # print error to STDERR\n    echo \"error: The sandbox is not in sync with the Podfile.lock. Run 'pod install' or update your CocoaPods installation.\" >&2\n    exit 1\nfi\n# This output is used by Xcode 'outputs' to avoid re-running this script phase.\necho \"SUCCESS\" > \"${SCRIPT_OUTPUT_FILE_0}\"\n";
			showEnvVarsInLog = 0;
		};
		15E796307F94ED25226A1147 /* [CP] Check Pods Manifest.lock */ = {
			isa = PBXShellScriptBuildPhase;
			buildActionMask = 2147483647;
			files = (
			);
			inputFileListPaths = (
			);
			inputPaths = (
				"${PODS_PODFILE_DIR_PATH}/Podfile.lock",
				"${PODS_ROOT}/Manifest.lock",
			);
			name = "[CP] Check Pods Manifest.lock";
			outputFileListPaths = (
			);
			outputPaths = (
				"$(DERIVED_FILE_DIR)/Pods-DevExercise1Tests-checkManifestLockResult.txt",
			);
			runOnlyForDeploymentPostprocessing = 0;
			shellPath = /bin/sh;
			shellScript = "diff \"${PODS_PODFILE_DIR_PATH}/Podfile.lock\" \"${PODS_ROOT}/Manifest.lock\" > /dev/null\nif [ $? != 0 ] ; then\n    # print error to STDERR\n    echo \"error: The sandbox is not in sync with the Podfile.lock. Run 'pod install' or update your CocoaPods installation.\" >&2\n    exit 1\nfi\n# This output is used by Xcode 'outputs' to avoid re-running this script phase.\necho \"SUCCESS\" > \"${SCRIPT_OUTPUT_FILE_0}\"\n";
			showEnvVarsInLog = 0;
		};
		38AC8DA7152B8551174C69AE /* [CP] Embed Pods Frameworks */ = {
			isa = PBXShellScriptBuildPhase;
			buildActionMask = 2147483647;
			files = (
			);
			inputFileListPaths = (
				"${PODS_ROOT}/Target Support Files/Pods-DevExercise1-DevExercise1UITests/Pods-DevExercise1-DevExercise1UITests-frameworks-${CONFIGURATION}-input-files.xcfilelist",
			);
			name = "[CP] Embed Pods Frameworks";
			outputFileListPaths = (
				"${PODS_ROOT}/Target Support Files/Pods-DevExercise1-DevExercise1UITests/Pods-DevExercise1-DevExercise1UITests-frameworks-${CONFIGURATION}-output-files.xcfilelist",
			);
			runOnlyForDeploymentPostprocessing = 0;
			shellPath = /bin/sh;
			shellScript = "\"${PODS_ROOT}/Target Support Files/Pods-DevExercise1-DevExercise1UITests/Pods-DevExercise1-DevExercise1UITests-frameworks.sh\"\n";
			showEnvVarsInLog = 0;
		};
		8A7F99FDC5F67BB7D8181E90 /* [CP] Check Pods Manifest.lock */ = {
			isa = PBXShellScriptBuildPhase;
			buildActionMask = 2147483647;
			files = (
			);
			inputFileListPaths = (
			);
			inputPaths = (
				"${PODS_PODFILE_DIR_PATH}/Podfile.lock",
				"${PODS_ROOT}/Manifest.lock",
			);
			name = "[CP] Check Pods Manifest.lock";
			outputFileListPaths = (
			);
			outputPaths = (
				"$(DERIVED_FILE_DIR)/Pods-DevExercise1-checkManifestLockResult.txt",
			);
			runOnlyForDeploymentPostprocessing = 0;
			shellPath = /bin/sh;
			shellScript = "diff \"${PODS_PODFILE_DIR_PATH}/Podfile.lock\" \"${PODS_ROOT}/Manifest.lock\" > /dev/null\nif [ $? != 0 ] ; then\n    # print error to STDERR\n    echo \"error: The sandbox is not in sync with the Podfile.lock. Run 'pod install' or update your CocoaPods installation.\" >&2\n    exit 1\nfi\n# This output is used by Xcode 'outputs' to avoid re-running this script phase.\necho \"SUCCESS\" > \"${SCRIPT_OUTPUT_FILE_0}\"\n";
			showEnvVarsInLog = 0;
		};
		B757E35162F022E5D56DDF7B /* [CP] Embed Pods Frameworks */ = {
			isa = PBXShellScriptBuildPhase;
			buildActionMask = 2147483647;
			files = (
			);
			inputFileListPaths = (
				"${PODS_ROOT}/Target Support Files/Pods-DevExercise1/Pods-DevExercise1-frameworks-${CONFIGURATION}-input-files.xcfilelist",
			);
			name = "[CP] Embed Pods Frameworks";
			outputFileListPaths = (
				"${PODS_ROOT}/Target Support Files/Pods-DevExercise1/Pods-DevExercise1-frameworks-${CONFIGURATION}-output-files.xcfilelist",
			);
			runOnlyForDeploymentPostprocessing = 0;
			shellPath = /bin/sh;
			shellScript = "\"${PODS_ROOT}/Target Support Files/Pods-DevExercise1/Pods-DevExercise1-frameworks.sh\"\n";
			showEnvVarsInLog = 0;
		};
/* End PBXShellScriptBuildPhase section */

/* Begin PBXSourcesBuildPhase section */
		45FE2A42249BC11C00D8727D /* Sources */ = {
			isa = PBXSourcesBuildPhase;
			buildActionMask = 2147483647;
			files = (
				45FE2A54249BC11C00D8727D /* DevExercise1.xcdatamodeld in Sources */,
				45FE2A8F249BD46700D8727D /* MainTabController.swift in Sources */,
				45FE2A4A249BC11C00D8727D /* AppDelegate.swift in Sources */,
				456D8E0424B3BD76004B72A1 /* ArcgisDatasource.swift in Sources */,
				45FE2A89249BC3E300D8727D /* Country.swift in Sources */,
				45D8181E24A0F4E0008B7E0F /* CountryCell.swift in Sources */,
				4549520524B633F300023370 /* CountryController.swift in Sources */,
				45FE2B23249C1DB800D8727D /* Util.swift in Sources */,
				456D8E0624B3D4BF004B72A1 /* MapViewModel.swift in Sources */,
				45759AB324B4E00F009FEBEA /* Mapper.swift in Sources */,
				45759AB724B4EB6A009FEBEA /* MapViewController.swift in Sources */,
				45759AB524B4E56F009FEBEA /* CountryItemViewModel.swift in Sources */,
				45FE2B21249C1DAE00D8727D /* Extensions.swift in Sources */,
				4549520724B63BA200023370 /* CountryCasesViewModel.swift in Sources */,
				45FE2A4C249BC11C00D8727D /* SceneDelegate.swift in Sources */,
				45759AB124B4DEB6009FEBEA /* Storage.swift in Sources */,
				4549520924B64DCD00023370 /* Repositories.swift in Sources */,
			);
			runOnlyForDeploymentPostprocessing = 0;
		};
		45FE2A5B249BC11D00D8727D /* Sources */ = {
			isa = PBXSourcesBuildPhase;
			buildActionMask = 2147483647;
			files = (
				45FE2A64249BC11D00D8727D /* DevExercise1Tests.swift in Sources */,
			);
			runOnlyForDeploymentPostprocessing = 0;
		};
		45FE2A66249BC11E00D8727D /* Sources */ = {
			isa = PBXSourcesBuildPhase;
			buildActionMask = 2147483647;
			files = (
				45FE2A6F249BC11E00D8727D /* DevExercise1UITests.swift in Sources */,
			);
			runOnlyForDeploymentPostprocessing = 0;
		};
/* End PBXSourcesBuildPhase section */

/* Begin PBXTargetDependency section */
		45FE2A61249BC11D00D8727D /* PBXTargetDependency */ = {
			isa = PBXTargetDependency;
			target = 45FE2A45249BC11C00D8727D /* DevExercise1 */;
			targetProxy = 45FE2A60249BC11D00D8727D /* PBXContainerItemProxy */;
		};
		45FE2A6C249BC11E00D8727D /* PBXTargetDependency */ = {
			isa = PBXTargetDependency;
			target = 45FE2A45249BC11C00D8727D /* DevExercise1 */;
			targetProxy = 45FE2A6B249BC11E00D8727D /* PBXContainerItemProxy */;
		};
/* End PBXTargetDependency section */

/* Begin PBXVariantGroup section */
		45FE2A4F249BC11C00D8727D /* Main.storyboard */ = {
			isa = PBXVariantGroup;
			children = (
				45FE2A50249BC11C00D8727D /* Base */,
			);
			name = Main.storyboard;
			sourceTree = "<group>";
		};
		45FE2A57249BC11D00D8727D /* LaunchScreen.storyboard */ = {
			isa = PBXVariantGroup;
			children = (
				45FE2A58249BC11D00D8727D /* Base */,
			);
			name = LaunchScreen.storyboard;
			sourceTree = "<group>";
		};
/* End PBXVariantGroup section */

/* Begin XCBuildConfiguration section */
		45FE2A71249BC11E00D8727D /* Debug */ = {
			isa = XCBuildConfiguration;
			buildSettings = {
				ALWAYS_SEARCH_USER_PATHS = NO;
				CLANG_ANALYZER_NONNULL = YES;
				CLANG_ANALYZER_NUMBER_OBJECT_CONVERSION = YES_AGGRESSIVE;
				CLANG_CXX_LANGUAGE_STANDARD = "gnu++14";
				CLANG_CXX_LIBRARY = "libc++";
				CLANG_ENABLE_MODULES = YES;
				CLANG_ENABLE_OBJC_ARC = YES;
				CLANG_ENABLE_OBJC_WEAK = YES;
				CLANG_WARN_BLOCK_CAPTURE_AUTORELEASING = YES;
				CLANG_WARN_BOOL_CONVERSION = YES;
				CLANG_WARN_COMMA = YES;
				CLANG_WARN_CONSTANT_CONVERSION = YES;
				CLANG_WARN_DEPRECATED_OBJC_IMPLEMENTATIONS = YES;
				CLANG_WARN_DIRECT_OBJC_ISA_USAGE = YES_ERROR;
				CLANG_WARN_DOCUMENTATION_COMMENTS = YES;
				CLANG_WARN_EMPTY_BODY = YES;
				CLANG_WARN_ENUM_CONVERSION = YES;
				CLANG_WARN_INFINITE_RECURSION = YES;
				CLANG_WARN_INT_CONVERSION = YES;
				CLANG_WARN_NON_LITERAL_NULL_CONVERSION = YES;
				CLANG_WARN_OBJC_IMPLICIT_RETAIN_SELF = YES;
				CLANG_WARN_OBJC_LITERAL_CONVERSION = YES;
				CLANG_WARN_OBJC_ROOT_CLASS = YES_ERROR;
				CLANG_WARN_RANGE_LOOP_ANALYSIS = YES;
				CLANG_WARN_STRICT_PROTOTYPES = YES;
				CLANG_WARN_SUSPICIOUS_MOVE = YES;
				CLANG_WARN_UNGUARDED_AVAILABILITY = YES_AGGRESSIVE;
				CLANG_WARN_UNREACHABLE_CODE = YES;
				CLANG_WARN__DUPLICATE_METHOD_MATCH = YES;
				COPY_PHASE_STRIP = NO;
				DEBUG_INFORMATION_FORMAT = dwarf;
				ENABLE_STRICT_OBJC_MSGSEND = YES;
				ENABLE_TESTABILITY = YES;
				GCC_C_LANGUAGE_STANDARD = gnu11;
				GCC_DYNAMIC_NO_PIC = NO;
				GCC_NO_COMMON_BLOCKS = YES;
				GCC_OPTIMIZATION_LEVEL = 0;
				GCC_PREPROCESSOR_DEFINITIONS = (
					"DEBUG=1",
					"$(inherited)",
				);
				GCC_WARN_64_TO_32_BIT_CONVERSION = YES;
				GCC_WARN_ABOUT_RETURN_TYPE = YES_ERROR;
				GCC_WARN_UNDECLARED_SELECTOR = YES;
				GCC_WARN_UNINITIALIZED_AUTOS = YES_AGGRESSIVE;
				GCC_WARN_UNUSED_FUNCTION = YES;
				GCC_WARN_UNUSED_VARIABLE = YES;
				IPHONEOS_DEPLOYMENT_TARGET = 13.5;
				MTL_ENABLE_DEBUG_INFO = INCLUDE_SOURCE;
				MTL_FAST_MATH = YES;
				ONLY_ACTIVE_ARCH = YES;
				SDKROOT = iphoneos;
				SWIFT_ACTIVE_COMPILATION_CONDITIONS = DEBUG;
				SWIFT_OPTIMIZATION_LEVEL = "-Onone";
			};
			name = Debug;
		};
		45FE2A72249BC11E00D8727D /* Release */ = {
			isa = XCBuildConfiguration;
			buildSettings = {
				ALWAYS_SEARCH_USER_PATHS = NO;
				CLANG_ANALYZER_NONNULL = YES;
				CLANG_ANALYZER_NUMBER_OBJECT_CONVERSION = YES_AGGRESSIVE;
				CLANG_CXX_LANGUAGE_STANDARD = "gnu++14";
				CLANG_CXX_LIBRARY = "libc++";
				CLANG_ENABLE_MODULES = YES;
				CLANG_ENABLE_OBJC_ARC = YES;
				CLANG_ENABLE_OBJC_WEAK = YES;
				CLANG_WARN_BLOCK_CAPTURE_AUTORELEASING = YES;
				CLANG_WARN_BOOL_CONVERSION = YES;
				CLANG_WARN_COMMA = YES;
				CLANG_WARN_CONSTANT_CONVERSION = YES;
				CLANG_WARN_DEPRECATED_OBJC_IMPLEMENTATIONS = YES;
				CLANG_WARN_DIRECT_OBJC_ISA_USAGE = YES_ERROR;
				CLANG_WARN_DOCUMENTATION_COMMENTS = YES;
				CLANG_WARN_EMPTY_BODY = YES;
				CLANG_WARN_ENUM_CONVERSION = YES;
				CLANG_WARN_INFINITE_RECURSION = YES;
				CLANG_WARN_INT_CONVERSION = YES;
				CLANG_WARN_NON_LITERAL_NULL_CONVERSION = YES;
				CLANG_WARN_OBJC_IMPLICIT_RETAIN_SELF = YES;
				CLANG_WARN_OBJC_LITERAL_CONVERSION = YES;
				CLANG_WARN_OBJC_ROOT_CLASS = YES_ERROR;
				CLANG_WARN_RANGE_LOOP_ANALYSIS = YES;
				CLANG_WARN_STRICT_PROTOTYPES = YES;
				CLANG_WARN_SUSPICIOUS_MOVE = YES;
				CLANG_WARN_UNGUARDED_AVAILABILITY = YES_AGGRESSIVE;
				CLANG_WARN_UNREACHABLE_CODE = YES;
				CLANG_WARN__DUPLICATE_METHOD_MATCH = YES;
				COPY_PHASE_STRIP = NO;
				DEBUG_INFORMATION_FORMAT = "dwarf-with-dsym";
				ENABLE_NS_ASSERTIONS = NO;
				ENABLE_STRICT_OBJC_MSGSEND = YES;
				GCC_C_LANGUAGE_STANDARD = gnu11;
				GCC_NO_COMMON_BLOCKS = YES;
				GCC_WARN_64_TO_32_BIT_CONVERSION = YES;
				GCC_WARN_ABOUT_RETURN_TYPE = YES_ERROR;
				GCC_WARN_UNDECLARED_SELECTOR = YES;
				GCC_WARN_UNINITIALIZED_AUTOS = YES_AGGRESSIVE;
				GCC_WARN_UNUSED_FUNCTION = YES;
				GCC_WARN_UNUSED_VARIABLE = YES;
				IPHONEOS_DEPLOYMENT_TARGET = 13.5;
				MTL_ENABLE_DEBUG_INFO = NO;
				MTL_FAST_MATH = YES;
				SDKROOT = iphoneos;
				SWIFT_COMPILATION_MODE = wholemodule;
				SWIFT_OPTIMIZATION_LEVEL = "-O";
				VALIDATE_PRODUCT = YES;
			};
			name = Release;
		};
		45FE2A74249BC11E00D8727D /* Debug */ = {
			isa = XCBuildConfiguration;
			baseConfigurationReference = A92235BEC127222A892951D5 /* Pods-DevExercise1.debug.xcconfig */;
			buildSettings = {
				ASSETCATALOG_COMPILER_APPICON_NAME = AppIcon;
				CODE_SIGN_STYLE = Automatic;
				DEVELOPMENT_TEAM = 3556BMB6P7;
				INFOPLIST_FILE = DevExercise1/Info.plist;
				LD_RUNPATH_SEARCH_PATHS = (
					"$(inherited)",
					"@executable_path/Frameworks",
				);
				PRODUCT_BUNDLE_IDENTIFIER = edu.hofstra.tahminur.DevExercise1;
				PRODUCT_NAME = "$(TARGET_NAME)";
				SWIFT_VERSION = 5.0;
				TARGETED_DEVICE_FAMILY = "1,2";
			};
			name = Debug;
		};
		45FE2A75249BC11E00D8727D /* Release */ = {
			isa = XCBuildConfiguration;
			baseConfigurationReference = 58E2C3A1E724753FD741C556 /* Pods-DevExercise1.release.xcconfig */;
			buildSettings = {
				ASSETCATALOG_COMPILER_APPICON_NAME = AppIcon;
				CODE_SIGN_STYLE = Automatic;
				DEVELOPMENT_TEAM = 3556BMB6P7;
				INFOPLIST_FILE = DevExercise1/Info.plist;
				LD_RUNPATH_SEARCH_PATHS = (
					"$(inherited)",
					"@executable_path/Frameworks",
				);
				PRODUCT_BUNDLE_IDENTIFIER = edu.hofstra.tahminur.DevExercise1;
				PRODUCT_NAME = "$(TARGET_NAME)";
				SWIFT_VERSION = 5.0;
				TARGETED_DEVICE_FAMILY = "1,2";
			};
			name = Release;
		};
		45FE2A77249BC11E00D8727D /* Debug */ = {
			isa = XCBuildConfiguration;
			baseConfigurationReference = 11E3A87BE270823BC462E861 /* Pods-DevExercise1Tests.debug.xcconfig */;
			buildSettings = {
				ALWAYS_EMBED_SWIFT_STANDARD_LIBRARIES = YES;
				BUNDLE_LOADER = "$(TEST_HOST)";
				CODE_SIGN_STYLE = Automatic;
				DEVELOPMENT_TEAM = 3556BMB6P7;
				INFOPLIST_FILE = DevExercise1Tests/Info.plist;
				IPHONEOS_DEPLOYMENT_TARGET = 13.5;
				LD_RUNPATH_SEARCH_PATHS = (
					"$(inherited)",
					"@executable_path/Frameworks",
					"@loader_path/Frameworks",
				);
				PRODUCT_BUNDLE_IDENTIFIER = edu.hofstra.tahminur.DevExercise1Tests;
				PRODUCT_NAME = "$(TARGET_NAME)";
				SWIFT_VERSION = 5.0;
				TARGETED_DEVICE_FAMILY = "1,2";
				TEST_HOST = "$(BUILT_PRODUCTS_DIR)/DevExercise1.app/DevExercise1";
			};
			name = Debug;
		};
		45FE2A78249BC11E00D8727D /* Release */ = {
			isa = XCBuildConfiguration;
			baseConfigurationReference = F9572A9755E08D92BC3EA41B /* Pods-DevExercise1Tests.release.xcconfig */;
			buildSettings = {
				ALWAYS_EMBED_SWIFT_STANDARD_LIBRARIES = YES;
				BUNDLE_LOADER = "$(TEST_HOST)";
				CODE_SIGN_STYLE = Automatic;
				DEVELOPMENT_TEAM = 3556BMB6P7;
				INFOPLIST_FILE = DevExercise1Tests/Info.plist;
				IPHONEOS_DEPLOYMENT_TARGET = 13.5;
				LD_RUNPATH_SEARCH_PATHS = (
					"$(inherited)",
					"@executable_path/Frameworks",
					"@loader_path/Frameworks",
				);
				PRODUCT_BUNDLE_IDENTIFIER = edu.hofstra.tahminur.DevExercise1Tests;
				PRODUCT_NAME = "$(TARGET_NAME)";
				SWIFT_VERSION = 5.0;
				TARGETED_DEVICE_FAMILY = "1,2";
				TEST_HOST = "$(BUILT_PRODUCTS_DIR)/DevExercise1.app/DevExercise1";
			};
			name = Release;
		};
		45FE2A7A249BC11E00D8727D /* Debug */ = {
			isa = XCBuildConfiguration;
			baseConfigurationReference = 708CDF8250891193CBB38C4F /* Pods-DevExercise1-DevExercise1UITests.debug.xcconfig */;
			buildSettings = {
				ALWAYS_EMBED_SWIFT_STANDARD_LIBRARIES = YES;
				CODE_SIGN_STYLE = Automatic;
				DEVELOPMENT_TEAM = 3556BMB6P7;
				INFOPLIST_FILE = DevExercise1UITests/Info.plist;
				LD_RUNPATH_SEARCH_PATHS = (
					"$(inherited)",
					"@executable_path/Frameworks",
					"@loader_path/Frameworks",
				);
				PRODUCT_BUNDLE_IDENTIFIER = edu.hofstra.tahminur.DevExercise1UITests;
				PRODUCT_NAME = "$(TARGET_NAME)";
				SWIFT_VERSION = 5.0;
				TARGETED_DEVICE_FAMILY = "1,2";
				TEST_TARGET_NAME = DevExercise1;
			};
			name = Debug;
		};
		45FE2A7B249BC11E00D8727D /* Release */ = {
			isa = XCBuildConfiguration;
			baseConfigurationReference = FC8D5A3C8C24DF44AF451D8B /* Pods-DevExercise1-DevExercise1UITests.release.xcconfig */;
			buildSettings = {
				ALWAYS_EMBED_SWIFT_STANDARD_LIBRARIES = YES;
				CODE_SIGN_STYLE = Automatic;
				DEVELOPMENT_TEAM = 3556BMB6P7;
				INFOPLIST_FILE = DevExercise1UITests/Info.plist;
				LD_RUNPATH_SEARCH_PATHS = (
					"$(inherited)",
					"@executable_path/Frameworks",
					"@loader_path/Frameworks",
				);
				PRODUCT_BUNDLE_IDENTIFIER = edu.hofstra.tahminur.DevExercise1UITests;
				PRODUCT_NAME = "$(TARGET_NAME)";
				SWIFT_VERSION = 5.0;
				TARGETED_DEVICE_FAMILY = "1,2";
				TEST_TARGET_NAME = DevExercise1;
			};
			name = Release;
		};
/* End XCBuildConfiguration section */

/* Begin XCConfigurationList section */
		45FE2A41249BC11C00D8727D /* Build configuration list for PBXProject "DevExercise1" */ = {
			isa = XCConfigurationList;
			buildConfigurations = (
				45FE2A71249BC11E00D8727D /* Debug */,
				45FE2A72249BC11E00D8727D /* Release */,
			);
			defaultConfigurationIsVisible = 0;
			defaultConfigurationName = Release;
		};
		45FE2A73249BC11E00D8727D /* Build configuration list for PBXNativeTarget "DevExercise1" */ = {
			isa = XCConfigurationList;
			buildConfigurations = (
				45FE2A74249BC11E00D8727D /* Debug */,
				45FE2A75249BC11E00D8727D /* Release */,
			);
			defaultConfigurationIsVisible = 0;
			defaultConfigurationName = Release;
		};
		45FE2A76249BC11E00D8727D /* Build configuration list for PBXNativeTarget "DevExercise1Tests" */ = {
			isa = XCConfigurationList;
			buildConfigurations = (
				45FE2A77249BC11E00D8727D /* Debug */,
				45FE2A78249BC11E00D8727D /* Release */,
			);
			defaultConfigurationIsVisible = 0;
			defaultConfigurationName = Release;
		};
		45FE2A79249BC11E00D8727D /* Build configuration list for PBXNativeTarget "DevExercise1UITests" */ = {
			isa = XCConfigurationList;
			buildConfigurations = (
				45FE2A7A249BC11E00D8727D /* Debug */,
				45FE2A7B249BC11E00D8727D /* Release */,
			);
			defaultConfigurationIsVisible = 0;
			defaultConfigurationName = Release;
		};
/* End XCConfigurationList section */

/* Begin XCVersionGroup section */
		45FE2A52249BC11C00D8727D /* DevExercise1.xcdatamodeld */ = {
			isa = XCVersionGroup;
			children = (
				45FE2A53249BC11C00D8727D /* DevExercise1.xcdatamodel */,
			);
			currentVersion = 45FE2A53249BC11C00D8727D /* DevExercise1.xcdatamodel */;
			path = DevExercise1.xcdatamodeld;
			sourceTree = "<group>";
			versionGroupType = wrapper.xcdatamodel;
		};
/* End XCVersionGroup section */
	};
	rootObject = 45FE2A3E249BC11C00D8727D /* Project object */;
}
